
Microsoft Visual Studio Solution File, Format Version 12.00
# Visual Studio Version 17
VisualStudioVersion = 17.9.34321.82
MinimumVisualStudioVersion = 10.0.40219.1
Project("{8BC9CEB8-8B4A-11D0-8D11-00A0C91BC942}") = "smhdmy", "smhdmy.vcxproj", "{71FDFB23-49EE-4379-AE02-59BFFD90C599}"
EndProject
Global
	GlobalSection(SolutionConfigurationPlatforms) = preSolution
		Debug|x64 = Debug|x64
		Debug|x86 = Debug|x86
		Release|x64 = Release|x64
		Release|x86 = Release|x86
	EndGlobalSection
	GlobalSection(ProjectConfigurationPlatforms) = postSolution
		{71FDFB23-49EE-4379-AE02-59BFFD90C599}.Debug|x64.ActiveCfg = Debug|x64
		{71FDFB23-49EE-4379-AE02-59BFFD90C599}.Debug|x64.Build.0 = Debug|x64
		{71FDFB23-49EE-4379-AE02-59BFFD90C599}.Debug|x86.ActiveCfg = Debug|Win32
		{71FDFB23-49EE-4379-AE02-59BFFD90C599}.Debug|x86.Build.0 = Debug|Win32
		{71FDFB23-49EE-4379-AE02-59BFFD90C599}.Release|x64.ActiveCfg = Release|x64
		{71FDFB23-49EE-4379-AE02-59BFFD90C599}.Release|x64.Build.0 = Release|x64
		{71FDFB23-49EE-4379-AE02-59BFFD90C599}.Release|x86.ActiveCfg = Release|Win32
		{71FDFB23-49EE-4379-AE02-59BFFD90C599}.Release|x86.Build.0 = Release|Win32
	EndGlobalSection
	GlobalSection(SolutionProperties) = preSolution
		HideSolutionNode = FALSE
	EndGlobalSection
	GlobalSection(ExtensibilityGlobals) = postSolution
		SolutionGuid = {5FF79A48-8A6E-49E6-B7F9-E21B8F5F3665}
	EndGlobalSection
EndGlobal
